{
    "_readme": [
        "This file locks the dependencies of your project to a known state",
        "Read more about it at https://getcomposer.org/doc/01-basic-usage.md#installing-dependencies",
        "This file is @generated automatically"
    ],
    "content-hash": "adf83b66fb65f90cc4a01f423b5ec581",
    "packages": [
        {
            "name": "adaoex/zf2-excel",
            "version": "dev-master",
            "source": {
                "type": "git",
                "url": "https://github.com/adaoex/zf2-excel.git",
                "reference": "4224d794a3121c6064331b28a7aa393caea2d5bb"
            },
            "dist": {
                "type": "zip",
                "url": "https://api.github.com/repos/adaoex/zf2-excel/zipball/4224d794a3121c6064331b28a7aa393caea2d5bb",
                "reference": "4224d794a3121c6064331b28a7aa393caea2d5bb",
                "shasum": ""
            },
            "require": {
                "php": ">=5.3.17",
                "zendframework/zendframework": "2.*"
            },
            "default-branch": true,
            "type": "library",
            "autoload": {
                "psr-0": {
                    "ZF2Excel": "src"
                },
                "classmap": [
                    "./Module.php"
                ]
            },
            "notification-url": "https://packagist.org/downloads/",
            "license": [
                "BSD-3-Clause"
            ],
            "authors": [
                {
                    "name": "Adão Gonçalves",
                    "email": "adao@adao.eti.br",
                    "homepage": "http://www.adao.eti.br"
                }
            ],
            "description": "Módulo de ZF2Excel: PHPExcel - OpenXML - ler, escrever e criar documentos do Excel em PHP",
            "homepage": "https://github.com/adaoex/zf2-excel/",
            "keywords": [
                "OpenXML",
                "PHPExcel",
                "excel",
                "framework",
                "grid",
                "zf2"
            ],
            "support": {
                "issues": "https://github.com/adaoex/zf2-excel/issues",
                "source": "https://github.com/adaoex/zf2-excel/tree/1.0.1"
            },
            "time": "2015-02-06T10:39:33+00:00"
        },
        {
            "name": "imagine/imagine",
            "version": "dev-master",
            "source": {
                "type": "git",
                "url": "https://github.com/php-imagine/Imagine.git",
                "reference": "80ab21434890dee9ba54969d31c51ac8d4d551e0"
            },
            "dist": {
                "type": "zip",
                "url": "https://api.github.com/repos/php-imagine/Imagine/zipball/80ab21434890dee9ba54969d31c51ac8d4d551e0",
                "reference": "80ab21434890dee9ba54969d31c51ac8d4d551e0",
                "shasum": ""
            },
            "require": {
                "php": ">=7.1"
            },
            "require-dev": {
                "phpunit/phpunit": "^4.8 || ^5.7 || ^6.5 || ^7.5 || ^8.4 || ^9.3"
            },
            "suggest": {
                "ext-exif": "to read EXIF metadata",
                "ext-gd": "to use the GD implementation",
                "ext-gmagick": "to use the Gmagick implementation",
                "ext-imagick": "to use the Imagick implementation"
            },
            "type": "library",
            "extra": {
                "branch-alias": {
                    "dev-develop": "1.x-dev"
                }
            },
            "autoload": {
                "psr-4": {
                    "Imagine\\": "src/"
                }
            },
            "notification-url": "https://packagist.org/downloads/",
            "license": [
                "MIT"
            ],
            "authors": [
                {
                    "name": "Bulat Shakirzyanov",
                    "email": "mallluhuct@gmail.com",
                    "homepage": "http://avalanche123.com"
                }
            ],
            "description": "Image processing for PHP",
            "homepage": "http://imagine.readthedocs.org/",
            "keywords": [
                "drawing",
                "graphics",
                "image manipulation",
                "image processing"
            ],
            "support": {
                "issues": "https://github.com/php-imagine/Imagine/issues",
                "source": "https://github.com/php-imagine/Imagine/tree/1.5.0"
            },
            "time": "2024-12-03T14:37:55+00:00"
        },
        {
            "name": "zendframework/zenddiagnostics",
            "version": "v1.0.9",
            "source": {
                "type": "git",
                "url": "https://github.com/zendframework/ZendDiagnostics.git",
                "reference": "292653c287a9e9d811417d4cb8a0025a4c1894cf"
            },
            "dist": {
                "type": "zip",
                "url": "https://api.github.com/repos/zendframework/ZendDiagnostics/zipball/292653c287a9e9d811417d4cb8a0025a4c1894cf",
                "reference": "292653c287a9e9d811417d4cb8a0025a4c1894cf",
                "shasum": ""
            },
            "require": {
                "php": ">=5.3.3"
            },
            "require-dev": {
                "doctrine/migrations": "~1.0@dev",
                "guzzle/http": "3.*",
                "guzzle/plugin-mock": "3.*",
                "mikey179/vfsstream": "1.6.*",
                "phpunit/phpunit": "4.7.*",
                "predis/predis": "0.8.*",
                "sensiolabs/security-checker": "1.3.*@dev",
                "symfony/yaml": "v2.3.11",
                "videlalvaro/php-amqplib": "2.*",
                "zendframework/zend-loader": "2.*"
            },
            "suggest": {
                "doctrine/migrations": "Required by Check\\DoctrineMigration",
                "ext-bcmath": "Required by Check\\CpuPerformance",
                "guzzle/http": "Required by Check\\GuzzleHttpService",
                "predis/predis": "Required by Check\\Redis",
                "sensiolabs/security-checker": "Required by Check\\SecurityAdvisory",
                "symfony/yaml": "Required by Check\\YamlFile",
                "videlalvaro/php-amqplib": "Required by Check\\RabbitMQ"
            },
            "type": "library",
            "extra": {
                "branch-alias": {
                    "dev-master": "1.0.x-dev"
                }
            },
            "autoload": {
                "psr-0": {
                    "ZendDiagnostics\\": "src/",
                    "ZendDiagnosticsTest\\": "tests/"
                }
            },
            "notification-url": "https://packagist.org/downloads/",
            "license": [
                "BSD-3-Clause"
            ],
            "description": "A set of components for performing diagnostic tests in PHP applications",
            "homepage": "https://github.com/zendframework/ZendDiagnostics",
            "keywords": [
                "diagnostics",
                "php",
                "test"
            ],
            "support": {
                "issues": "https://github.com/zendframework/ZendDiagnostics/issues",
                "source": "https://github.com/zendframework/ZendDiagnostics/tree/master"
            },
            "abandoned": "laminas/laminas-diagnostics",
            "time": "2016-04-01T10:39:00+00:00"
        },
        {
            "name": "zendframework/zendframework",
            "version": "2.3.9",
            "source": {
                "type": "git",
                "url": "https://github.com/zendframework/zendframework.git",
                "reference": "32858f883fffb5eef9f610b538ed026f6033b6de"
            },
            "dist": {
                "type": "zip",
                "url": "https://api.github.com/repos/zendframework/zendframework/zipball/32858f883fffb5eef9f610b538ed026f6033b6de",
                "reference": "32858f883fffb5eef9f610b538ed026f6033b6de",
                "shasum": ""
            },
            "require": {
                "php": ">=5.3.23",
                "zendframework/zendxml": "~1.0-dev"
            },
            "replace": {
                "zendframework/zend-authentication": "self.version",
                "zendframework/zend-barcode": "self.version",
                "zendframework/zend-cache": "self.version",
                "zendframework/zend-captcha": "self.version",
                "zendframework/zend-code": "self.version",
                "zendframework/zend-config": "self.version",
                "zendframework/zend-console": "self.version",
                "zendframework/zend-crypt": "self.version",
                "zendframework/zend-db": "self.version",
                "zendframework/zend-debug": "self.version",
                "zendframework/zend-di": "self.version",
                "zendframework/zend-dom": "self.version",
                "zendframework/zend-escaper": "self.version",
                "zendframework/zend-eventmanager": "self.version",
                "zendframework/zend-feed": "self.version",
                "zendframework/zend-file": "self.version",
                "zendframework/zend-filter": "self.version",
                "zendframework/zend-form": "self.version",
                "zendframework/zend-http": "self.version",
                "zendframework/zend-i18n": "self.version",
                "zendframework/zend-inputfilter": "self.version",
                "zendframework/zend-json": "self.version",
                "zendframework/zend-ldap": "self.version",
                "zendframework/zend-loader": "self.version",
                "zendframework/zend-log": "self.version",
                "zendframework/zend-mail": "self.version",
                "zendframework/zend-math": "self.version",
                "zendframework/zend-memory": "self.version",
                "zendframework/zend-mime": "self.version",
                "zendframework/zend-modulemanager": "self.version",
                "zendframework/zend-mvc": "self.version",
                "zendframework/zend-navigation": "self.version",
                "zendframework/zend-paginator": "self.version",
                "zendframework/zend-permissions-acl": "self.version",
                "zendframework/zend-permissions-rbac": "self.version",
                "zendframework/zend-progressbar": "self.version",
                "zendframework/zend-resources": "self.version",
                "zendframework/zend-serializer": "self.version",
                "zendframework/zend-server": "self.version",
                "zendframework/zend-servicemanager": "self.version",
                "zendframework/zend-session": "self.version",
                "zendframework/zend-soap": "self.version",
                "zendframework/zend-stdlib": "self.version",
                "zendframework/zend-tag": "self.version",
                "zendframework/zend-test": "self.version",
                "zendframework/zend-text": "self.version",
                "zendframework/zend-uri": "self.version",
                "zendframework/zend-validator": "self.version",
                "zendframework/zend-version": "self.version",
                "zendframework/zend-view": "self.version",
                "zendframework/zend-xmlrpc": "self.version"
            },
            "require-dev": {
                "doctrine/annotations": ">=1.0",
                "fabpot/php-cs-fixer": "1.*",
                "ircmaxell/random-lib": "dev-master",
                "ircmaxell/security-lib": "dev-master",
                "mikey179/vfsstream": "1.2.*",
                "phpunit/phpunit": "3.7.*",
                "satooshi/php-coveralls": "dev-master",
                "sebastianbergmann/phpcov": "1.1.0"
            },
            "suggest": {
                "doctrine/annotations": "Doctrine Annotations >=1.0 for annotation features",
                "ext-intl": "ext/intl for i18n features (included in default builds of PHP)",
                "ircmaxell/random-lib": "Fallback random byte generator for Zend\\Math\\Rand if OpenSSL/Mcrypt extensions are unavailable",
                "ocramius/proxy-manager": "ProxyManager 0.5.* to handle lazy initialization of services",
                "zendframework/zendpdf": "ZendPdf for creating PDF representations of barcodes",
                "zendframework/zendservice-recaptcha": "ZendService\\ReCaptcha for rendering ReCaptchas in Zend\\Captcha and/or Zend\\Form"
            },
            "bin": [
                "bin/classmap_generator.php",
                "bin/pluginmap_generator.php",
                "bin/templatemap_generator.php"
            ],
            "type": "library",
            "extra": {
                "branch-alias": {
                    "dev-master": "2.3-dev",
                    "dev-develop": "2.4-dev"
                }
            },
            "autoload": {
                "psr-0": {
                    "Zend\\": "library/"
                }
            },
            "notification-url": "https://packagist.org/downloads/",
            "license": [
                "BSD-3-Clause"
            ],
            "description": "Zend Framework 2",
            "homepage": "http://framework.zend.com/",
            "keywords": [
                "framework",
                "zf2"
            ],
            "support": {
                "issues": "https://github.com/zendframework/zendframework/issues",
                "source": "https://github.com/zendframework/zendframework/tree/release-2.3.9"
            },
            "abandoned": "laminas/laminas-mvc-skeleton",
            "time": "2015-05-11T16:03:51+00:00"
        },
        {
            "name": "zendframework/zendxml",
            "version": "1.0.1",
            "source": {
                "type": "git",
                "url": "https://github.com/zendframework/ZendXml.git",
                "reference": "54edb3875aba5b45f02824f65f311c9fb2743a38"
            },
            "dist": {
                "type": "zip",
                "url": "https://api.github.com/repos/zendframework/ZendXml/zipball/54edb3875aba5b45f02824f65f311c9fb2743a38",
                "reference": "54edb3875aba5b45f02824f65f311c9fb2743a38",
                "shasum": ""
            },
            "require": {
                "php": ">=5.3.3"
            },
            "require-dev": {
                "phpunit/phpunit": "~3.7",
                "squizlabs/php_codesniffer": "~1.5"
            },
            "type": "library",
            "extra": {
                "branch-alias": {
                    "dev-master": "1.0-dev"
                }
            },
            "autoload": {
                "psr-0": {
                    "ZendXml\\": "library/"
                }
            },
            "notification-url": "https://packagist.org/downloads/",
            "license": [
                "BSD-3-Clause"
            ],
            "description": "Utility library for XML usage, best practices, and security in PHP",
            "homepage": "http://packages.zendframework.com/",
            "keywords": [
                "security",
                "xml",
                "zf2"
            ],
            "support": {
                "issues": "https://github.com/zendframework/ZendXml/issues",
                "source": "https://github.com/zendframework/ZendXml/tree/master"
            },
            "abandoned": "laminas/laminas-xml",
            "time": "2015-08-03T14:50:10+00:00"
        },
        {
            "name": "zendframework/zftool",
            "version": "dev-master",
            "source": {
                "type": "git",
                "url": "https://github.com/zendframework/ZFTool.git",
                "reference": "ecdae4929b3e60cd07b67d22901ec096d4fb7c12"
            },
            "dist": {
                "type": "zip",
                "url": "https://api.github.com/repos/zendframework/ZFTool/zipball/ecdae4929b3e60cd07b67d22901ec096d4fb7c12",
                "reference": "ecdae4929b3e60cd07b67d22901ec096d4fb7c12",
                "shasum": ""
            },
            "require": {
                "php": ">=5.3.3",
                "zendframework/zend-code": ">=2.2.2",
                "zendframework/zend-config": ">=2.2.2",
                "zendframework/zend-console": ">=2.2.2",
                "zendframework/zend-file": ">=2.2.2",
                "zendframework/zend-form": ">=2.2.2",
                "zendframework/zend-http": ">=2.2.2",
                "zendframework/zend-i18n": ">=2.2.2",
                "zendframework/zend-loader": ">=2.2.2",
                "zendframework/zend-log": ">=2.2.2",
                "zendframework/zend-modulemanager": ">=2.2.2",
                "zendframework/zend-mvc": ">=2.2.2",
                "zendframework/zend-serializer": ">=2.2.2",
                "zendframework/zend-servicemanager": ">=2.2.2",
                "zendframework/zend-stdlib": ">=2.2.2",
                "zendframework/zend-text": ">=2.2.2",
                "zendframework/zend-version": ">=2.2.2 ",
                "zendframework/zend-view": ">=2.2.2",
                "zendframework/zenddiagnostics": ">=1.0.0"
            },
            "require-dev": {
                "fabpot/php-cs-fixer": "1.7.*",
                "phpunit/phpunit": "4.*"
            },
            "bin": [
                "zf.php"
            ],
            "type": "library",
            "autoload": {
                "psr-0": {
                    "ZFTool\\": "src/"
                }
            },
            "notification-url": "https://packagist.org/downloads/",
            "license": [
                "BSD-3-Clause"
            ],
            "description": "Utility module for Zend Framework 2 applications.",
            "homepage": "http://framework.zend.com/",
            "keywords": [
                "tool",
                "zf2"
            ],
            "support": {
                "issues": "https://github.com/zendframework/ZFTool/issues",
                "source": "https://github.com/zendframework/ZFTool/tree/master"
            },
            "abandoned": true,
            "time": "2019-12-06T17:22:13+00:00"
        }
    ],
    "packages-dev": [],
    "aliases": [],
    "minimum-stability": "stable",
    "stability-flags": {
        "zendframework/zftool": 20,
        "imagine/imagine": 20,
        "adaoex/zf2-excel": 20
    },
    "prefer-stable": false,
    "prefer-lowest": false,
    "platform": {
        "php": ">=5.3.3"
    },
    "platform-dev": [],
    "plugin-api-version": "2.2.0"
}
